// !$*UTF8*$!
{
	archiveVersion = 1;
	classes = {
	};
	objectVersion = 56;
	objects = {

/* Begin PBXBuildFile section */
		6C55FCD12BB624A8006C9020 /* LocationUpdate.swift in Sources */ = {isa = PBXBuildFile; fileRef = 6C55FCD02BB624A8006C9020 /* LocationUpdate.swift */; };
		6C55FCD32BB6342A006C9020 /* CachingPolicy.swift in Sources */ = {isa = PBXBuildFile; fileRef = 6C55FCD22BB6342A006C9020 /* CachingPolicy.swift */; };
		6C55FCD52BB63574006C9020 /* PrayerManager.swift in Sources */ = {isa = PBXBuildFile; fileRef = 6C55FCD42BB63574006C9020 /* PrayerManager.swift */; };
		6C55FCD72BB6358A006C9020 /* PrayTime.swift in Sources */ = {isa = PBXBuildFile; fileRef = 6C55FCD62BB6358A006C9020 /* PrayTime.swift */; };
		6C581E162BB2A3130095DE84 /* ModeChanger.swift in Sources */ = {isa = PBXBuildFile; fileRef = 6C581E152BB2A3130095DE84 /* ModeChanger.swift */; };
		6C581E182BB2A33A0095DE84 /* LocationListener.swift in Sources */ = {isa = PBXBuildFile; fileRef = 6C581E172BB2A33A0095DE84 /* LocationListener.swift */; };
		6C581E1A2BB2A3500095DE84 /* LocationManager.swift in Sources */ = {isa = PBXBuildFile; fileRef = 6C581E192BB2A3500095DE84 /* LocationManager.swift */; };
		6C581E1C2BB2A36E0095DE84 /* MosqueItem.swift in Sources */ = {isa = PBXBuildFile; fileRef = 6C581E1B2BB2A36E0095DE84 /* MosqueItem.swift */; };
		6C581E1E2BB2A37E0095DE84 /* MapView.swift in Sources */ = {isa = PBXBuildFile; fileRef = 6C581E1D2BB2A37E0095DE84 /* MapView.swift */; };
		6C581E202BB2A39D0095DE84 /* MapScreen.swift in Sources */ = {isa = PBXBuildFile; fileRef = 6C581E1F2BB2A39D0095DE84 /* MapScreen.swift */; };
		6C581E222BB2A3B30095DE84 /* Router.swift in Sources */ = {isa = PBXBuildFile; fileRef = 6C581E212BB2A3B30095DE84 /* Router.swift */; };
		6C581E242BB2A3C20095DE84 /* MosqueListView.swift in Sources */ = {isa = PBXBuildFile; fileRef = 6C581E232BB2A3C20095DE84 /* MosqueListView.swift */; };
		6C8C27E32BB2A9D100B1E162 /* FeatureFlag.swift in Sources */ = {isa = PBXBuildFile; fileRef = 6C8C27E22BB2A9D100B1E162 /* FeatureFlag.swift */; };
		6C8C27E52BB2B29800B1E162 /* MosqueFinder.swift in Sources */ = {isa = PBXBuildFile; fileRef = 6C8C27E42BB2B29800B1E162 /* MosqueFinder.swift */; };
		6C8C27E72BB2B31D00B1E162 /* MosqueFinderTests.swift in Sources */ = {isa = PBXBuildFile; fileRef = 6C8C27E62BB2B31D00B1E162 /* MosqueFinderTests.swift */; };
		6C8C27EA2BB2BEAD00B1E162 /* Localization.swift in Sources */ = {isa = PBXBuildFile; fileRef = 6C8C27E92BB2BEAD00B1E162 /* Localization.swift */; };
		6C8C27EE2BB2C18100B1E162 /* Localizable.strings in Resources */ = {isa = PBXBuildFile; fileRef = 6C8C27F02BB2C18100B1E162 /* Localizable.strings */; };
		6C8C27F32BB2F5FD00B1E162 /* madinaty_mosques.json in Resources */ = {isa = PBXBuildFile; fileRef = 6C8C27F22BB2D15000B1E162 /* madinaty_mosques.json */; };
		6C8C27F62BB2FC5A00B1E162 /* LocalNotification.swift in Sources */ = {isa = PBXBuildFile; fileRef = 6C8C27F52BB2FC5A00B1E162 /* LocalNotification.swift */; };
		6C8C27FA2BB51CF300B1E162 /* TimeSchedular.swift in Sources */ = {isa = PBXBuildFile; fileRef = 6C8C27F92BB51CF300B1E162 /* TimeSchedular.swift */; };
		6C8C28022BB51F8100B1E162 /* PrayerTimes.swift in Sources */ = {isa = PBXBuildFile; fileRef = 6C8C28012BB51F8100B1E162 /* PrayerTimes.swift */; };
		6C8C28042BB524FF00B1E162 /* SilentModeToggler.swift in Sources */ = {isa = PBXBuildFile; fileRef = 6C8C28032BB524FF00B1E162 /* SilentModeToggler.swift */; };
		6C8C28062BB5279800B1E162 /* DontDisturbToggler.swift in Sources */ = {isa = PBXBuildFile; fileRef = 6C8C28052BB5279800B1E162 /* DontDisturbToggler.swift */; };
		6C8C280A2BB5C87200B1E162 /* APIClient.swift in Sources */ = {isa = PBXBuildFile; fileRef = 6C8C28072BB5C87200B1E162 /* APIClient.swift */; };
		6C8C280B2BB5C87200B1E162 /* LoadingDataState.swift in Sources */ = {isa = PBXBuildFile; fileRef = 6C8C28082BB5C87200B1E162 /* LoadingDataState.swift */; };
		6C8C280C2BB5C87200B1E162 /* EndPoint.swift in Sources */ = {isa = PBXBuildFile; fileRef = 6C8C28092BB5C87200B1E162 /* EndPoint.swift */; };
		6C8C280E2BB5CC7800B1E162 /* QuietQiblaApp.swift in Sources */ = {isa = PBXBuildFile; fileRef = 6C8C280D2BB5CC7800B1E162 /* QuietQiblaApp.swift */; };
		6C8C28122BB5D11F00B1E162 /* CoreDateCaching.swift in Sources */ = {isa = PBXBuildFile; fileRef = 6C8C28112BB5D11E00B1E162 /* CoreDateCaching.swift */; };
		6C8C28142BB5D13900B1E162 /* UserDefaultsLocationRepository.swift in Sources */ = {isa = PBXBuildFile; fileRef = 6C8C28132BB5D13900B1E162 /* UserDefaultsLocationRepository.swift */; };
		6C8C28162BB5D16000B1E162 /* MadinatyMosqueRepo.swift in Sources */ = {isa = PBXBuildFile; fileRef = 6C8C28152BB5D16000B1E162 /* MadinatyMosqueRepo.swift */; };
		6C8C28182BB5D4C700B1E162 /* PrayerTimesJsonResponse.swift in Sources */ = {isa = PBXBuildFile; fileRef = 6C8C28172BB5D4C700B1E162 /* PrayerTimesJsonResponse.swift */; };
		6C8C281B2BB5E11700B1E162 /* ThemeManager.swift in Sources */ = {isa = PBXBuildFile; fileRef = 6C8C281A2BB5E11700B1E162 /* ThemeManager.swift */; };
		6CAD44032BB278B800DB57D1 /* MainScreenView.swift in Sources */ = {isa = PBXBuildFile; fileRef = 6CAD44022BB278B800DB57D1 /* MainScreenView.swift */; };
		6CAD44052BB278BA00DB57D1 /* Assets.xcassets in Resources */ = {isa = PBXBuildFile; fileRef = 6CAD44042BB278BA00DB57D1 /* Assets.xcassets */; };
		6CAD44082BB278BA00DB57D1 /* Preview Assets.xcassets in Resources */ = {isa = PBXBuildFile; fileRef = 6CAD44072BB278BA00DB57D1 /* Preview Assets.xcassets */; };
		6CAD44122BB278BA00DB57D1 /* PrayerTimesTests.swift in Sources */ = {isa = PBXBuildFile; fileRef = 6CAD44112BB278BA00DB57D1 /* PrayerTimesTests.swift */; };
		6CAD441C2BB278BA00DB57D1 /* QuietQiblaUITests.swift in Sources */ = {isa = PBXBuildFile; fileRef = 6CAD441B2BB278BA00DB57D1 /* QuietQiblaUITests.swift */; };
		6CAD441E2BB278BA00DB57D1 /* QuietQiblaUITestsLaunchTests.swift in Sources */ = {isa = PBXBuildFile; fileRef = 6CAD441D2BB278BA00DB57D1 /* QuietQiblaUITestsLaunchTests.swift */; };
		6CDD03CD2BB2926D0084661C /* LocationRepository.swift in Sources */ = {isa = PBXBuildFile; fileRef = 6CDD03CC2BB2926D0084661C /* LocationRepository.swift */; };
		6CDD03CF2BB298BE0084661C /* CachingTests.swift in Sources */ = {isa = PBXBuildFile; fileRef = 6CDD03CE2BB298BE0084661C /* CachingTests.swift */; };
/* End PBXBuildFile section */

/* Begin PBXContainerItemProxy section */
		6CAD440E2BB278BA00DB57D1 /* PBXContainerItemProxy */ = {
			isa = PBXContainerItemProxy;
			containerPortal = 6CAD43F52BB278B800DB57D1 /* Project object */;
			proxyType = 1;
			remoteGlobalIDString = 6CAD43FC2BB278B800DB57D1;
			remoteInfo = MasgedSilencer;
		};
		6CAD44182BB278BA00DB57D1 /* PBXContainerItemProxy */ = {
			isa = PBXContainerItemProxy;
			containerPortal = 6CAD43F52BB278B800DB57D1 /* Project object */;
			proxyType = 1;
			remoteGlobalIDString = 6CAD43FC2BB278B800DB57D1;
			remoteInfo = MasgedSilencer;
		};
/* End PBXContainerItemProxy section */

/* Begin PBXFileReference section */
		6C55FCD02BB624A8006C9020 /* LocationUpdate.swift */ = {isa = PBXFileReference; lastKnownFileType = sourcecode.swift; path = LocationUpdate.swift; sourceTree = "<group>"; };
		6C55FCD22BB6342A006C9020 /* CachingPolicy.swift */ = {isa = PBXFileReference; lastKnownFileType = sourcecode.swift; path = CachingPolicy.swift; sourceTree = "<group>"; };
		6C55FCD42BB63574006C9020 /* PrayerManager.swift */ = {isa = PBXFileReference; lastKnownFileType = sourcecode.swift; path = PrayerManager.swift; sourceTree = "<group>"; };
		6C55FCD62BB6358A006C9020 /* PrayTime.swift */ = {isa = PBXFileReference; lastKnownFileType = sourcecode.swift; path = PrayTime.swift; sourceTree = "<group>"; };
		6C581E152BB2A3130095DE84 /* ModeChanger.swift */ = {isa = PBXFileReference; lastKnownFileType = sourcecode.swift; path = ModeChanger.swift; sourceTree = "<group>"; };
		6C581E172BB2A33A0095DE84 /* LocationListener.swift */ = {isa = PBXFileReference; lastKnownFileType = sourcecode.swift; path = LocationListener.swift; sourceTree = "<group>"; };
		6C581E192BB2A3500095DE84 /* LocationManager.swift */ = {isa = PBXFileReference; lastKnownFileType = sourcecode.swift; path = LocationManager.swift; sourceTree = "<group>"; };
		6C581E1B2BB2A36E0095DE84 /* MosqueItem.swift */ = {isa = PBXFileReference; lastKnownFileType = sourcecode.swift; path = MosqueItem.swift; sourceTree = "<group>"; };
		6C581E1D2BB2A37E0095DE84 /* MapView.swift */ = {isa = PBXFileReference; lastKnownFileType = sourcecode.swift; path = MapView.swift; sourceTree = "<group>"; };
		6C581E1F2BB2A39D0095DE84 /* MapScreen.swift */ = {isa = PBXFileReference; lastKnownFileType = sourcecode.swift; path = MapScreen.swift; sourceTree = "<group>"; };
		6C581E212BB2A3B30095DE84 /* Router.swift */ = {isa = PBXFileReference; lastKnownFileType = sourcecode.swift; path = Router.swift; sourceTree = "<group>"; };
		6C581E232BB2A3C20095DE84 /* MosqueListView.swift */ = {isa = PBXFileReference; lastKnownFileType = sourcecode.swift; path = MosqueListView.swift; sourceTree = "<group>"; };
		6C8C27E22BB2A9D100B1E162 /* FeatureFlag.swift */ = {isa = PBXFileReference; lastKnownFileType = sourcecode.swift; path = FeatureFlag.swift; sourceTree = "<group>"; };
		6C8C27E42BB2B29800B1E162 /* MosqueFinder.swift */ = {isa = PBXFileReference; lastKnownFileType = sourcecode.swift; path = MosqueFinder.swift; sourceTree = "<group>"; };
		6C8C27E62BB2B31D00B1E162 /* MosqueFinderTests.swift */ = {isa = PBXFileReference; lastKnownFileType = sourcecode.swift; path = MosqueFinderTests.swift; sourceTree = "<group>"; };
		6C8C27E82BB2B96C00B1E162 /* Info.plist */ = {isa = PBXFileReference; lastKnownFileType = text.plist.xml; path = Info.plist; sourceTree = "<group>"; };
		6C8C27E92BB2BEAD00B1E162 /* Localization.swift */ = {isa = PBXFileReference; lastKnownFileType = sourcecode.swift; path = Localization.swift; sourceTree = "<group>"; };
		6C8C27EF2BB2C18100B1E162 /* en */ = {isa = PBXFileReference; lastKnownFileType = text.plist.strings; name = en; path = en.lproj/Localizable.strings; sourceTree = "<group>"; };
		6C8C27F12BB2C18200B1E162 /* ar */ = {isa = PBXFileReference; lastKnownFileType = text.plist.strings; name = ar; path = ar.lproj/Localizable.strings; sourceTree = "<group>"; };
		6C8C27F22BB2D15000B1E162 /* madinaty_mosques.json */ = {isa = PBXFileReference; lastKnownFileType = text.json; path = madinaty_mosques.json; sourceTree = "<group>"; };
		6C8C27F52BB2FC5A00B1E162 /* LocalNotification.swift */ = {isa = PBXFileReference; lastKnownFileType = sourcecode.swift; path = LocalNotification.swift; sourceTree = "<group>"; };
		6C8C27F92BB51CF300B1E162 /* TimeSchedular.swift */ = {isa = PBXFileReference; lastKnownFileType = sourcecode.swift; path = TimeSchedular.swift; sourceTree = "<group>"; };
		6C8C28012BB51F8100B1E162 /* PrayerTimes.swift */ = {isa = PBXFileReference; lastKnownFileType = sourcecode.swift; path = PrayerTimes.swift; sourceTree = "<group>"; };
		6C8C28032BB524FF00B1E162 /* SilentModeToggler.swift */ = {isa = PBXFileReference; lastKnownFileType = sourcecode.swift; path = SilentModeToggler.swift; sourceTree = "<group>"; };
		6C8C28052BB5279800B1E162 /* DontDisturbToggler.swift */ = {isa = PBXFileReference; lastKnownFileType = sourcecode.swift; path = DontDisturbToggler.swift; sourceTree = "<group>"; };
		6C8C28072BB5C87200B1E162 /* APIClient.swift */ = {isa = PBXFileReference; fileEncoding = 4; lastKnownFileType = sourcecode.swift; path = APIClient.swift; sourceTree = "<group>"; };
		6C8C28082BB5C87200B1E162 /* LoadingDataState.swift */ = {isa = PBXFileReference; fileEncoding = 4; lastKnownFileType = sourcecode.swift; path = LoadingDataState.swift; sourceTree = "<group>"; };
		6C8C28092BB5C87200B1E162 /* EndPoint.swift */ = {isa = PBXFileReference; fileEncoding = 4; lastKnownFileType = sourcecode.swift; path = EndPoint.swift; sourceTree = "<group>"; };
		6C8C280D2BB5CC7800B1E162 /* QuietQiblaApp.swift */ = {isa = PBXFileReference; fileEncoding = 4; lastKnownFileType = sourcecode.swift; path = QuietQiblaApp.swift; sourceTree = "<group>"; };
		6C8C28112BB5D11E00B1E162 /* CoreDateCaching.swift */ = {isa = PBXFileReference; lastKnownFileType = sourcecode.swift; path = CoreDateCaching.swift; sourceTree = "<group>"; };
		6C8C28132BB5D13900B1E162 /* UserDefaultsLocationRepository.swift */ = {isa = PBXFileReference; lastKnownFileType = sourcecode.swift; path = UserDefaultsLocationRepository.swift; sourceTree = "<group>"; };
		6C8C28152BB5D16000B1E162 /* MadinatyMosqueRepo.swift */ = {isa = PBXFileReference; lastKnownFileType = sourcecode.swift; path = MadinatyMosqueRepo.swift; sourceTree = "<group>"; };
		6C8C28172BB5D4C700B1E162 /* PrayerTimesJsonResponse.swift */ = {isa = PBXFileReference; lastKnownFileType = sourcecode.swift; path = PrayerTimesJsonResponse.swift; sourceTree = "<group>"; };
		6C8C281A2BB5E11700B1E162 /* ThemeManager.swift */ = {isa = PBXFileReference; lastKnownFileType = sourcecode.swift; path = ThemeManager.swift; sourceTree = "<group>"; };
		6CAD43FD2BB278B800DB57D1 /* QuietQibla.app */ = {isa = PBXFileReference; explicitFileType = wrapper.application; includeInIndex = 0; path = QuietQibla.app; sourceTree = BUILT_PRODUCTS_DIR; };
		6CAD44022BB278B800DB57D1 /* MainScreenView.swift */ = {isa = PBXFileReference; lastKnownFileType = sourcecode.swift; path = MainScreenView.swift; sourceTree = "<group>"; };
		6CAD44042BB278BA00DB57D1 /* Assets.xcassets */ = {isa = PBXFileReference; lastKnownFileType = folder.assetcatalog; path = Assets.xcassets; sourceTree = "<group>"; };
		6CAD44072BB278BA00DB57D1 /* Preview Assets.xcassets */ = {isa = PBXFileReference; lastKnownFileType = folder.assetcatalog; path = "Preview Assets.xcassets"; sourceTree = "<group>"; };
		6CAD440D2BB278BA00DB57D1 /* QuietQiblaTests.xctest */ = {isa = PBXFileReference; explicitFileType = wrapper.cfbundle; includeInIndex = 0; path = QuietQiblaTests.xctest; sourceTree = BUILT_PRODUCTS_DIR; };
		6CAD44112BB278BA00DB57D1 /* PrayerTimesTests.swift */ = {isa = PBXFileReference; lastKnownFileType = sourcecode.swift; path = PrayerTimesTests.swift; sourceTree = "<group>"; };
		6CAD44172BB278BA00DB57D1 /* QuietQiblaUITests.xctest */ = {isa = PBXFileReference; explicitFileType = wrapper.cfbundle; includeInIndex = 0; path = QuietQiblaUITests.xctest; sourceTree = BUILT_PRODUCTS_DIR; };
		6CAD441B2BB278BA00DB57D1 /* QuietQiblaUITests.swift */ = {isa = PBXFileReference; lastKnownFileType = sourcecode.swift; path = QuietQiblaUITests.swift; sourceTree = "<group>"; };
		6CAD441D2BB278BA00DB57D1 /* QuietQiblaUITestsLaunchTests.swift */ = {isa = PBXFileReference; lastKnownFileType = sourcecode.swift; path = QuietQiblaUITestsLaunchTests.swift; sourceTree = "<group>"; };
		6CDD03CC2BB2926D0084661C /* LocationRepository.swift */ = {isa = PBXFileReference; lastKnownFileType = sourcecode.swift; path = LocationRepository.swift; sourceTree = "<group>"; };
		6CDD03CE2BB298BE0084661C /* CachingTests.swift */ = {isa = PBXFileReference; lastKnownFileType = sourcecode.swift; path = CachingTests.swift; sourceTree = "<group>"; };
/* End PBXFileReference section */

/* Begin PBXFrameworksBuildPhase section */
		6CAD43FA2BB278B800DB57D1 /* Frameworks */ = {
			isa = PBXFrameworksBuildPhase;
			buildActionMask = 2147483647;
			files = (
			);
			runOnlyForDeploymentPostprocessing = 0;
		};
		6CAD440A2BB278BA00DB57D1 /* Frameworks */ = {
			isa = PBXFrameworksBuildPhase;
			buildActionMask = 2147483647;
			files = (
			);
			runOnlyForDeploymentPostprocessing = 0;
		};
		6CAD44142BB278BA00DB57D1 /* Frameworks */ = {
			isa = PBXFrameworksBuildPhase;
			buildActionMask = 2147483647;
			files = (
			);
			runOnlyForDeploymentPostprocessing = 0;
		};
/* End PBXFrameworksBuildPhase section */

/* Begin PBXGroup section */
		6C581E252BB2A4600095DE84 /* Modules */ = {
			isa = PBXGroup;
			children = (
				6C8C28192BB5E0F600B1E162 /* UIConfiguration */,
				6C8C27F82BB51CCC00B1E162 /* PrayerTimes */,
				6C8C27F72BB51CC500B1E162 /* Network */,
				6C8C27F42BB2FC4D00B1E162 /* Notification */,
				6C8C27EB2BB2BFE400B1E162 /* Localization */,
				6C8C27E12BB2A9C500B1E162 /* FeatureFlags */,
				6C581E292BB2A4850095DE84 /* Caching */,
				6C581E282BB2A47E0095DE84 /* Device */,
				6C581E272BB2A4720095DE84 /* Location */,
			);
			path = Modules;
			sourceTree = "<group>";
		};
		6C581E262BB2A4650095DE84 /* Screens */ = {
			isa = PBXGroup;
			children = (
				6C581E1B2BB2A36E0095DE84 /* MosqueItem.swift */,
				6C581E212BB2A3B30095DE84 /* Router.swift */,
				6C581E2D2BB2A4B00095DE84 /* MosquesList */,
				6C581E2C2BB2A4AD0095DE84 /* Map */,
				6C581E2B2BB2A4A80095DE84 /* HomeScreen */,
			);
			path = Screens;
			sourceTree = "<group>";
		};
		6C581E272BB2A4720095DE84 /* Location */ = {
			isa = PBXGroup;
			children = (
				6C581E172BB2A33A0095DE84 /* LocationListener.swift */,
				6C581E192BB2A3500095DE84 /* LocationManager.swift */,
				6C8C27E42BB2B29800B1E162 /* MosqueFinder.swift */,
				6C55FCD02BB624A8006C9020 /* LocationUpdate.swift */,
				6C8C27F22BB2D15000B1E162 /* madinaty_mosques.json */,
			);
			path = Location;
			sourceTree = "<group>";
		};
		6C581E282BB2A47E0095DE84 /* Device */ = {
			isa = PBXGroup;
			children = (
				6C581E152BB2A3130095DE84 /* ModeChanger.swift */,
				6C8C28032BB524FF00B1E162 /* SilentModeToggler.swift */,
				6C8C28052BB5279800B1E162 /* DontDisturbToggler.swift */,
			);
			path = Device;
			sourceTree = "<group>";
		};
		6C581E292BB2A4850095DE84 /* Caching */ = {
			isa = PBXGroup;
			children = (
				6CDD03CC2BB2926D0084661C /* LocationRepository.swift */,
				6C8C28112BB5D11E00B1E162 /* CoreDateCaching.swift */,
				6C8C28132BB5D13900B1E162 /* UserDefaultsLocationRepository.swift */,
				6C8C28152BB5D16000B1E162 /* MadinatyMosqueRepo.swift */,
			);
			path = Caching;
			sourceTree = "<group>";
		};
		6C581E2B2BB2A4A80095DE84 /* HomeScreen */ = {
			isa = PBXGroup;
			children = (
				6CAD44022BB278B800DB57D1 /* MainScreenView.swift */,
				6C8C27E92BB2BEAD00B1E162 /* Localization.swift */,
			);
			path = HomeScreen;
			sourceTree = "<group>";
		};
		6C581E2C2BB2A4AD0095DE84 /* Map */ = {
			isa = PBXGroup;
			children = (
				6C581E1D2BB2A37E0095DE84 /* MapView.swift */,
				6C581E1F2BB2A39D0095DE84 /* MapScreen.swift */,
			);
			path = Map;
			sourceTree = "<group>";
		};
		6C581E2D2BB2A4B00095DE84 /* MosquesList */ = {
			isa = PBXGroup;
			children = (
				6C581E232BB2A3C20095DE84 /* MosqueListView.swift */,
			);
			path = MosquesList;
			sourceTree = "<group>";
		};
		6C8C27E12BB2A9C500B1E162 /* FeatureFlags */ = {
			isa = PBXGroup;
			children = (
				6C8C27E22BB2A9D100B1E162 /* FeatureFlag.swift */,
			);
			path = FeatureFlags;
			sourceTree = "<group>";
		};
		6C8C27EB2BB2BFE400B1E162 /* Localization */ = {
			isa = PBXGroup;
			children = (
				6C8C27F02BB2C18100B1E162 /* Localizable.strings */,
			);
			path = Localization;
			sourceTree = "<group>";
		};
		6C8C27F42BB2FC4D00B1E162 /* Notification */ = {
			isa = PBXGroup;
			children = (
				6C8C27F52BB2FC5A00B1E162 /* LocalNotification.swift */,
			);
			path = Notification;
			sourceTree = "<group>";
		};
		6C8C27F72BB51CC500B1E162 /* Network */ = {
			isa = PBXGroup;
			children = (
				6C8C28072BB5C87200B1E162 /* APIClient.swift */,
				6C8C28092BB5C87200B1E162 /* EndPoint.swift */,
				6C8C28082BB5C87200B1E162 /* LoadingDataState.swift */,
			);
			path = Network;
			sourceTree = "<group>";
		};
		6C8C27F82BB51CCC00B1E162 /* PrayerTimes */ = {
			isa = PBXGroup;
			children = (
				6C8C28012BB51F8100B1E162 /* PrayerTimes.swift */,
				6C55FCD42BB63574006C9020 /* PrayerManager.swift */,
				6C8C27F92BB51CF300B1E162 /* TimeSchedular.swift */,
				6C8C28172BB5D4C700B1E162 /* PrayerTimesJsonResponse.swift */,
				6C55FCD22BB6342A006C9020 /* CachingPolicy.swift */,
				6C55FCD62BB6358A006C9020 /* PrayTime.swift */,
			);
			path = PrayerTimes;
			sourceTree = "<group>";
		};
		6C8C280F2BB5CF1A00B1E162 /* SupportFiles */ = {
			isa = PBXGroup;
			children = (
				6C8C27E82BB2B96C00B1E162 /* Info.plist */,
				6C8C280D2BB5CC7800B1E162 /* QuietQiblaApp.swift */,
			);
			path = SupportFiles;
			sourceTree = "<group>";
		};
		6C8C28192BB5E0F600B1E162 /* UIConfiguration */ = {
			isa = PBXGroup;
			children = (
				6C8C281A2BB5E11700B1E162 /* ThemeManager.swift */,
			);
			path = UIConfiguration;
			sourceTree = "<group>";
		};
		6CAD43F42BB278B800DB57D1 = {
			isa = PBXGroup;
			children = (
				6CAD43FF2BB278B800DB57D1 /* QuietQibla */,
				6CAD44102BB278BA00DB57D1 /* QuietQiblaTests */,
				6CAD441A2BB278BA00DB57D1 /* QuietQiblaUITests */,
				6CAD43FE2BB278B800DB57D1 /* Products */,
			);
			sourceTree = "<group>";
		};
		6CAD43FE2BB278B800DB57D1 /* Products */ = {
			isa = PBXGroup;
			children = (
				6CAD43FD2BB278B800DB57D1 /* QuietQibla.app */,
				6CAD440D2BB278BA00DB57D1 /* QuietQiblaTests.xctest */,
				6CAD44172BB278BA00DB57D1 /* QuietQiblaUITests.xctest */,
			);
			name = Products;
			sourceTree = "<group>";
		};
		6CAD43FF2BB278B800DB57D1 /* QuietQibla */ = {
			isa = PBXGroup;
			children = (
				6C8C280F2BB5CF1A00B1E162 /* SupportFiles */,
				6C581E262BB2A4650095DE84 /* Screens */,
				6C581E252BB2A4600095DE84 /* Modules */,
				6CAD44042BB278BA00DB57D1 /* Assets.xcassets */,
				6CAD44062BB278BA00DB57D1 /* Preview Content */,
			);
			path = QuietQibla;
			sourceTree = "<group>";
		};
		6CAD44062BB278BA00DB57D1 /* Preview Content */ = {
			isa = PBXGroup;
			children = (
				6CAD44072BB278BA00DB57D1 /* Preview Assets.xcassets */,
			);
			path = "Preview Content";
			sourceTree = "<group>";
		};
		6CAD44102BB278BA00DB57D1 /* QuietQiblaTests */ = {
			isa = PBXGroup;
			children = (
				6CAD44112BB278BA00DB57D1 /* PrayerTimesTests.swift */,
				6CDD03CE2BB298BE0084661C /* CachingTests.swift */,
				6C8C27E62BB2B31D00B1E162 /* MosqueFinderTests.swift */,
			);
			path = QuietQiblaTests;
			sourceTree = "<group>";
		};
		6CAD441A2BB278BA00DB57D1 /* QuietQiblaUITests */ = {
			isa = PBXGroup;
			children = (
				6CAD441B2BB278BA00DB57D1 /* QuietQiblaUITests.swift */,
				6CAD441D2BB278BA00DB57D1 /* QuietQiblaUITestsLaunchTests.swift */,
			);
			path = QuietQiblaUITests;
			sourceTree = "<group>";
		};
/* End PBXGroup section */

/* Begin PBXNativeTarget section */
		6CAD43FC2BB278B800DB57D1 /* QuietQibla */ = {
			isa = PBXNativeTarget;
			buildConfigurationList = 6CAD44212BB278BA00DB57D1 /* Build configuration list for PBXNativeTarget "QuietQibla" */;
			buildPhases = (
				6CAD43F92BB278B800DB57D1 /* Sources */,
				6CAD43FA2BB278B800DB57D1 /* Frameworks */,
				6CAD43FB2BB278B800DB57D1 /* Resources */,
				6C8C281E2BB5F63900B1E162 /* Run SwiftLint */,
			);
			buildRules = (
			);
			dependencies = (
			);
			name = QuietQibla;
			productName = MasgedSilencer;
			productReference = 6CAD43FD2BB278B800DB57D1 /* QuietQibla.app */;
			productType = "com.apple.product-type.application";
		};
		6CAD440C2BB278BA00DB57D1 /* QuietQiblaTests */ = {
			isa = PBXNativeTarget;
			buildConfigurationList = 6CAD44242BB278BA00DB57D1 /* Build configuration list for PBXNativeTarget "QuietQiblaTests" */;
			buildPhases = (
				6CAD44092BB278BA00DB57D1 /* Sources */,
				6CAD440A2BB278BA00DB57D1 /* Frameworks */,
				6CAD440B2BB278BA00DB57D1 /* Resources */,
			);
			buildRules = (
			);
			dependencies = (
				6CAD440F2BB278BA00DB57D1 /* PBXTargetDependency */,
			);
			name = QuietQiblaTests;
			productName = MasgedSilencerTests;
			productReference = 6CAD440D2BB278BA00DB57D1 /* QuietQiblaTests.xctest */;
			productType = "com.apple.product-type.bundle.unit-test";
		};
		6CAD44162BB278BA00DB57D1 /* QuietQiblaUITests */ = {
			isa = PBXNativeTarget;
			buildConfigurationList = 6CAD44272BB278BA00DB57D1 /* Build configuration list for PBXNativeTarget "QuietQiblaUITests" */;
			buildPhases = (
				6CAD44132BB278BA00DB57D1 /* Sources */,
				6CAD44142BB278BA00DB57D1 /* Frameworks */,
				6CAD44152BB278BA00DB57D1 /* Resources */,
			);
			buildRules = (
			);
			dependencies = (
				6CAD44192BB278BA00DB57D1 /* PBXTargetDependency */,
			);
			name = QuietQiblaUITests;
			productName = MasgedSilencerUITests;
			productReference = 6CAD44172BB278BA00DB57D1 /* QuietQiblaUITests.xctest */;
			productType = "com.apple.product-type.bundle.ui-testing";
		};
/* End PBXNativeTarget section */

/* Begin PBXProject section */
		6CAD43F52BB278B800DB57D1 /* Project object */ = {
			isa = PBXProject;
			attributes = {
				BuildIndependentTargetsInParallel = 1;
				LastSwiftUpdateCheck = 1500;
				LastUpgradeCheck = 1500;
				TargetAttributes = {
					6CAD43FC2BB278B800DB57D1 = {
						CreatedOnToolsVersion = 15.0;
					};
					6CAD440C2BB278BA00DB57D1 = {
						CreatedOnToolsVersion = 15.0;
						TestTargetID = 6CAD43FC2BB278B800DB57D1;
					};
					6CAD44162BB278BA00DB57D1 = {
						CreatedOnToolsVersion = 15.0;
						TestTargetID = 6CAD43FC2BB278B800DB57D1;
					};
				};
			};
			buildConfigurationList = 6CAD43F82BB278B800DB57D1 /* Build configuration list for PBXProject "QuietQibla" */;
			compatibilityVersion = "Xcode 14.0";
			developmentRegion = en;
			hasScannedForEncodings = 0;
			knownRegions = (
				en,
				Base,
				ar,
			);
			mainGroup = 6CAD43F42BB278B800DB57D1;
			packageReferences = (
			);
			productRefGroup = 6CAD43FE2BB278B800DB57D1 /* Products */;
			projectDirPath = "";
			projectRoot = "";
			targets = (
				6CAD43FC2BB278B800DB57D1 /* QuietQibla */,
				6CAD440C2BB278BA00DB57D1 /* QuietQiblaTests */,
				6CAD44162BB278BA00DB57D1 /* QuietQiblaUITests */,
			);
		};
/* End PBXProject section */

/* Begin PBXResourcesBuildPhase section */
		6CAD43FB2BB278B800DB57D1 /* Resources */ = {
			isa = PBXResourcesBuildPhase;
			buildActionMask = 2147483647;
			files = (
				6C8C27F32BB2F5FD00B1E162 /* madinaty_mosques.json in Resources */,
				6CAD44082BB278BA00DB57D1 /* Preview Assets.xcassets in Resources */,
				6C8C27EE2BB2C18100B1E162 /* Localizable.strings in Resources */,
				6CAD44052BB278BA00DB57D1 /* Assets.xcassets in Resources */,
			);
			runOnlyForDeploymentPostprocessing = 0;
		};
		6CAD440B2BB278BA00DB57D1 /* Resources */ = {
			isa = PBXResourcesBuildPhase;
			buildActionMask = 2147483647;
			files = (
			);
			runOnlyForDeploymentPostprocessing = 0;
		};
		6CAD44152BB278BA00DB57D1 /* Resources */ = {
			isa = PBXResourcesBuildPhase;
			buildActionMask = 2147483647;
			files = (
			);
			runOnlyForDeploymentPostprocessing = 0;
		};
/* End PBXResourcesBuildPhase section */

/* Begin PBXShellScriptBuildPhase section */
		6C8C281E2BB5F63900B1E162 /* Run SwiftLint */ = {
			isa = PBXShellScriptBuildPhase;
			buildActionMask = 2147483647;
			files = (
			);
			inputFileListPaths = (
			);
			inputPaths = (
			);
			name = "Run SwiftLint";
			outputFileListPaths = (
			);
			outputPaths = (
			);
			runOnlyForDeploymentPostprocessing = 0;
			shellPath = /bin/sh;
			shellScript = "if which swiftlint > /dev/null; then\n  swiftlint\nelse\n  echo \"warning: SwiftLint not installed, download from https://github.com/realm/SwiftLint\"\nfi\n";
		};
/* End PBXShellScriptBuildPhase section */

/* Begin PBXSourcesBuildPhase section */
		6CAD43F92BB278B800DB57D1 /* Sources */ = {
			isa = PBXSourcesBuildPhase;
			buildActionMask = 2147483647;
			files = (
				6C581E202BB2A39D0095DE84 /* MapScreen.swift in Sources */,
				6CDD03CD2BB2926D0084661C /* LocationRepository.swift in Sources */,
				6C8C27EA2BB2BEAD00B1E162 /* Localization.swift in Sources */,
				6C8C280A2BB5C87200B1E162 /* APIClient.swift in Sources */,
				6C8C280E2BB5CC7800B1E162 /* QuietQiblaApp.swift in Sources */,
				6C8C280C2BB5C87200B1E162 /* EndPoint.swift in Sources */,
				6C8C28182BB5D4C700B1E162 /* PrayerTimesJsonResponse.swift in Sources */,
				6C581E222BB2A3B30095DE84 /* Router.swift in Sources */,
				6C581E1E2BB2A37E0095DE84 /* MapView.swift in Sources */,
				6C581E162BB2A3130095DE84 /* ModeChanger.swift in Sources */,
				6C8C28162BB5D16000B1E162 /* MadinatyMosqueRepo.swift in Sources */,
				6C581E1A2BB2A3500095DE84 /* LocationManager.swift in Sources */,
				6CAD44032BB278B800DB57D1 /* MainScreenView.swift in Sources */,
				6C8C27FA2BB51CF300B1E162 /* TimeSchedular.swift in Sources */,
				6C8C281B2BB5E11700B1E162 /* ThemeManager.swift in Sources */,
				6C8C27F62BB2FC5A00B1E162 /* LocalNotification.swift in Sources */,
				6C55FCD52BB63574006C9020 /* PrayerManager.swift in Sources */,
				6C8C28122BB5D11F00B1E162 /* CoreDateCaching.swift in Sources */,
				6C581E182BB2A33A0095DE84 /* LocationListener.swift in Sources */,
				6C8C28142BB5D13900B1E162 /* UserDefaultsLocationRepository.swift in Sources */,
				6C8C280B2BB5C87200B1E162 /* LoadingDataState.swift in Sources */,
				6C8C28042BB524FF00B1E162 /* SilentModeToggler.swift in Sources */,
				6C8C28022BB51F8100B1E162 /* PrayerTimes.swift in Sources */,
				6C55FCD72BB6358A006C9020 /* PrayTime.swift in Sources */,
				6C55FCD32BB6342A006C9020 /* CachingPolicy.swift in Sources */,
				6C581E1C2BB2A36E0095DE84 /* MosqueItem.swift in Sources */,
				6C8C27E32BB2A9D100B1E162 /* FeatureFlag.swift in Sources */,
				6C581E242BB2A3C20095DE84 /* MosqueListView.swift in Sources */,
				6C8C27E52BB2B29800B1E162 /* MosqueFinder.swift in Sources */,
				6C8C28062BB5279800B1E162 /* DontDisturbToggler.swift in Sources */,
				6C55FCD12BB624A8006C9020 /* LocationUpdate.swift in Sources */,
			);
			runOnlyForDeploymentPostprocessing = 0;
		};
		6CAD44092BB278BA00DB57D1 /* Sources */ = {
			isa = PBXSourcesBuildPhase;
			buildActionMask = 2147483647;
			files = (
				6C8C27E72BB2B31D00B1E162 /* MosqueFinderTests.swift in Sources */,
				6CAD44122BB278BA00DB57D1 /* PrayerTimesTests.swift in Sources */,
				6CDD03CF2BB298BE0084661C /* CachingTests.swift in Sources */,
			);
			runOnlyForDeploymentPostprocessing = 0;
		};
		6CAD44132BB278BA00DB57D1 /* Sources */ = {
			isa = PBXSourcesBuildPhase;
			buildActionMask = 2147483647;
			files = (
				6CAD441E2BB278BA00DB57D1 /* QuietQiblaUITestsLaunchTests.swift in Sources */,
				6CAD441C2BB278BA00DB57D1 /* QuietQiblaUITests.swift in Sources */,
			);
			runOnlyForDeploymentPostprocessing = 0;
		};
/* End PBXSourcesBuildPhase section */

/* Begin PBXTargetDependency section */
		6CAD440F2BB278BA00DB57D1 /* PBXTargetDependency */ = {
			isa = PBXTargetDependency;
			target = 6CAD43FC2BB278B800DB57D1 /* QuietQibla */;
			targetProxy = 6CAD440E2BB278BA00DB57D1 /* PBXContainerItemProxy */;
		};
		6CAD44192BB278BA00DB57D1 /* PBXTargetDependency */ = {
			isa = PBXTargetDependency;
			target = 6CAD43FC2BB278B800DB57D1 /* QuietQibla */;
			targetProxy = 6CAD44182BB278BA00DB57D1 /* PBXContainerItemProxy */;
		};
/* End PBXTargetDependency section */

/* Begin PBXVariantGroup section */
		6C8C27F02BB2C18100B1E162 /* Localizable.strings */ = {
			isa = PBXVariantGroup;
			children = (
				6C8C27EF2BB2C18100B1E162 /* en */,
				6C8C27F12BB2C18200B1E162 /* ar */,
			);
			name = Localizable.strings;
			sourceTree = "<group>";
		};
/* End PBXVariantGroup section */

/* Begin XCBuildConfiguration section */
		6CAD441F2BB278BA00DB57D1 /* Debug */ = {
			isa = XCBuildConfiguration;
			buildSettings = {
				ALWAYS_SEARCH_USER_PATHS = NO;
				ASSETCATALOG_COMPILER_GENERATE_SWIFT_ASSET_SYMBOL_EXTENSIONS = YES;
				CLANG_ANALYZER_NONNULL = YES;
				CLANG_ANALYZER_NUMBER_OBJECT_CONVERSION = YES_AGGRESSIVE;
				CLANG_CXX_LANGUAGE_STANDARD = "gnu++20";
				CLANG_ENABLE_MODULES = YES;
				CLANG_ENABLE_OBJC_ARC = YES;
				CLANG_ENABLE_OBJC_WEAK = YES;
				CLANG_WARN_BLOCK_CAPTURE_AUTORELEASING = YES;
				CLANG_WARN_BOOL_CONVERSION = YES;
				CLANG_WARN_COMMA = YES;
				CLANG_WARN_CONSTANT_CONVERSION = YES;
				CLANG_WARN_DEPRECATED_OBJC_IMPLEMENTATIONS = YES;
				CLANG_WARN_DIRECT_OBJC_ISA_USAGE = YES_ERROR;
				CLANG_WARN_DOCUMENTATION_COMMENTS = YES;
				CLANG_WARN_EMPTY_BODY = YES;
				CLANG_WARN_ENUM_CONVERSION = YES;
				CLANG_WARN_INFINITE_RECURSION = YES;
				CLANG_WARN_INT_CONVERSION = YES;
				CLANG_WARN_NON_LITERAL_NULL_CONVERSION = YES;
				CLANG_WARN_OBJC_IMPLICIT_RETAIN_SELF = YES;
				CLANG_WARN_OBJC_LITERAL_CONVERSION = YES;
				CLANG_WARN_OBJC_ROOT_CLASS = YES_ERROR;
				CLANG_WARN_QUOTED_INCLUDE_IN_FRAMEWORK_HEADER = YES;
				CLANG_WARN_RANGE_LOOP_ANALYSIS = YES;
				CLANG_WARN_STRICT_PROTOTYPES = YES;
				CLANG_WARN_SUSPICIOUS_MOVE = YES;
				CLANG_WARN_UNGUARDED_AVAILABILITY = YES_AGGRESSIVE;
				CLANG_WARN_UNREACHABLE_CODE = YES;
				CLANG_WARN__DUPLICATE_METHOD_MATCH = YES;
				COPY_PHASE_STRIP = NO;
				DEBUG_INFORMATION_FORMAT = dwarf;
				ENABLE_STRICT_OBJC_MSGSEND = YES;
				ENABLE_TESTABILITY = YES;
				ENABLE_USER_SCRIPT_SANDBOXING = NO;
				GCC_C_LANGUAGE_STANDARD = gnu17;
				GCC_DYNAMIC_NO_PIC = NO;
				GCC_NO_COMMON_BLOCKS = YES;
				GCC_OPTIMIZATION_LEVEL = 0;
				GCC_PREPROCESSOR_DEFINITIONS = (
					"DEBUG=1",
					"$(inherited)",
				);
				GCC_WARN_64_TO_32_BIT_CONVERSION = YES;
				GCC_WARN_ABOUT_RETURN_TYPE = YES_ERROR;
				GCC_WARN_UNDECLARED_SELECTOR = YES;
				GCC_WARN_UNINITIALIZED_AUTOS = YES_AGGRESSIVE;
				GCC_WARN_UNUSED_FUNCTION = YES;
				GCC_WARN_UNUSED_VARIABLE = YES;
				IPHONEOS_DEPLOYMENT_TARGET = 16.0;
				LOCALIZATION_PREFERS_STRING_CATALOGS = YES;
				MTL_ENABLE_DEBUG_INFO = INCLUDE_SOURCE;
				MTL_FAST_MATH = YES;
				ONLY_ACTIVE_ARCH = YES;
				SDKROOT = iphoneos;
				SWIFT_ACTIVE_COMPILATION_CONDITIONS = "DEBUG $(inherited)";
				SWIFT_OPTIMIZATION_LEVEL = "-Onone";
			};
			name = Debug;
		};
		6CAD44202BB278BA00DB57D1 /* Release */ = {
			isa = XCBuildConfiguration;
			buildSettings = {
				ALWAYS_SEARCH_USER_PATHS = NO;
				ASSETCATALOG_COMPILER_GENERATE_SWIFT_ASSET_SYMBOL_EXTENSIONS = YES;
				CLANG_ANALYZER_NONNULL = YES;
				CLANG_ANALYZER_NUMBER_OBJECT_CONVERSION = YES_AGGRESSIVE;
				CLANG_CXX_LANGUAGE_STANDARD = "gnu++20";
				CLANG_ENABLE_MODULES = YES;
				CLANG_ENABLE_OBJC_ARC = YES;
				CLANG_ENABLE_OBJC_WEAK = YES;
				CLANG_WARN_BLOCK_CAPTURE_AUTORELEASING = YES;
				CLANG_WARN_BOOL_CONVERSION = YES;
				CLANG_WARN_COMMA = YES;
				CLANG_WARN_CONSTANT_CONVERSION = YES;
				CLANG_WARN_DEPRECATED_OBJC_IMPLEMENTATIONS = YES;
				CLANG_WARN_DIRECT_OBJC_ISA_USAGE = YES_ERROR;
				CLANG_WARN_DOCUMENTATION_COMMENTS = YES;
				CLANG_WARN_EMPTY_BODY = YES;
				CLANG_WARN_ENUM_CONVERSION = YES;
				CLANG_WARN_INFINITE_RECURSION = YES;
				CLANG_WARN_INT_CONVERSION = YES;
				CLANG_WARN_NON_LITERAL_NULL_CONVERSION = YES;
				CLANG_WARN_OBJC_IMPLICIT_RETAIN_SELF = YES;
				CLANG_WARN_OBJC_LITERAL_CONVERSION = YES;
				CLANG_WARN_OBJC_ROOT_CLASS = YES_ERROR;
				CLANG_WARN_QUOTED_INCLUDE_IN_FRAMEWORK_HEADER = YES;
				CLANG_WARN_RANGE_LOOP_ANALYSIS = YES;
				CLANG_WARN_STRICT_PROTOTYPES = YES;
				CLANG_WARN_SUSPICIOUS_MOVE = YES;
				CLANG_WARN_UNGUARDED_AVAILABILITY = YES_AGGRESSIVE;
				CLANG_WARN_UNREACHABLE_CODE = YES;
				CLANG_WARN__DUPLICATE_METHOD_MATCH = YES;
				COPY_PHASE_STRIP = NO;
				DEBUG_INFORMATION_FORMAT = "dwarf-with-dsym";
				ENABLE_NS_ASSERTIONS = NO;
				ENABLE_STRICT_OBJC_MSGSEND = YES;
				ENABLE_USER_SCRIPT_SANDBOXING = NO;
				GCC_C_LANGUAGE_STANDARD = gnu17;
				GCC_NO_COMMON_BLOCKS = YES;
				GCC_WARN_64_TO_32_BIT_CONVERSION = YES;
				GCC_WARN_ABOUT_RETURN_TYPE = YES_ERROR;
				GCC_WARN_UNDECLARED_SELECTOR = YES;
				GCC_WARN_UNINITIALIZED_AUTOS = YES_AGGRESSIVE;
				GCC_WARN_UNUSED_FUNCTION = YES;
				GCC_WARN_UNUSED_VARIABLE = YES;
				IPHONEOS_DEPLOYMENT_TARGET = 16.0;
				LOCALIZATION_PREFERS_STRING_CATALOGS = YES;
				MTL_ENABLE_DEBUG_INFO = NO;
				MTL_FAST_MATH = YES;
				SDKROOT = iphoneos;
				SWIFT_COMPILATION_MODE = wholemodule;
				VALIDATE_PRODUCT = YES;
			};
			name = Release;
		};
		6CAD44222BB278BA00DB57D1 /* Debug */ = {
			isa = XCBuildConfiguration;
			buildSettings = {
				ASSETCATALOG_COMPILER_APPICON_NAME = AppIcon;
				ASSETCATALOG_COMPILER_GLOBAL_ACCENT_COLOR_NAME = AccentColor;
				CODE_SIGN_STYLE = Automatic;
				CURRENT_PROJECT_VERSION = 1;
				DEVELOPMENT_ASSET_PATHS = "\"QuietQibla/Preview Content\"";
				DEVELOPMENT_TEAM = 475YN7ANSF;
				ENABLE_PREVIEWS = YES;
				GENERATE_INFOPLIST_FILE = YES;
				INFOPLIST_FILE = QuietQibla/SupportFiles/Info.plist;
				INFOPLIST_KEY_CFBundleDisplayName = QuietQibla;
				INFOPLIST_KEY_LSApplicationCategoryType = "public.app-category.lifestyle";
				INFOPLIST_KEY_NSLocationAlwaysUsageDescription = NSLocationAlwaysAndWhenInUsageDescription;
				INFOPLIST_KEY_NSLocationWhenInUseUsageDescription = NSLocationAlwaysAndWhenInUsageDescription;
				INFOPLIST_KEY_UIApplicationSceneManifest_Generation = YES;
				INFOPLIST_KEY_UIApplicationSupportsIndirectInputEvents = YES;
				INFOPLIST_KEY_UILaunchScreen_Generation = YES;
				INFOPLIST_KEY_UISupportedInterfaceOrientations_iPad = "UIInterfaceOrientationPortrait UIInterfaceOrientationPortraitUpsideDown UIInterfaceOrientationLandscapeLeft UIInterfaceOrientationLandscapeRight";
				INFOPLIST_KEY_UISupportedInterfaceOrientations_iPhone = "UIInterfaceOrientationPortrait UIInterfaceOrientationLandscapeLeft UIInterfaceOrientationLandscapeRight";
				LD_RUNPATH_SEARCH_PATHS = (
					"$(inherited)",
					"@executable_path/Frameworks",
				);
				MARKETING_VERSION = 1.0;
				PRODUCT_BUNDLE_IDENTIFIER = abozaid.ibrahim.QuietQibla;
				PRODUCT_NAME = "$(TARGET_NAME)";
				SWIFT_EMIT_LOC_STRINGS = YES;
				SWIFT_VERSION = 5.0;
				TARGETED_DEVICE_FAMILY = "1,2";
			};
			name = Debug;
		};
		6CAD44232BB278BA00DB57D1 /* Release */ = {
			isa = XCBuildConfiguration;
			buildSettings = {
				ASSETCATALOG_COMPILER_APPICON_NAME = AppIcon;
				ASSETCATALOG_COMPILER_GLOBAL_ACCENT_COLOR_NAME = AccentColor;
				CODE_SIGN_STYLE = Automatic;
				CURRENT_PROJECT_VERSION = 1;
				DEVELOPMENT_ASSET_PATHS = "\"QuietQibla/Preview Content\"";
				DEVELOPMENT_TEAM = 475YN7ANSF;
				ENABLE_PREVIEWS = YES;
				GENERATE_INFOPLIST_FILE = YES;
				INFOPLIST_FILE = QuietQibla/SupportFiles/Info.plist;
				INFOPLIST_KEY_CFBundleDisplayName = QuietQibla;
				INFOPLIST_KEY_LSApplicationCategoryType = "public.app-category.lifestyle";
				INFOPLIST_KEY_NSLocationAlwaysUsageDescription = NSLocationAlwaysAndWhenInUsageDescription;
				INFOPLIST_KEY_NSLocationWhenInUseUsageDescription = NSLocationAlwaysAndWhenInUsageDescription;
				INFOPLIST_KEY_UIApplicationSceneManifest_Generation = YES;
				INFOPLIST_KEY_UIApplicationSupportsIndirectInputEvents = YES;
				INFOPLIST_KEY_UILaunchScreen_Generation = YES;
				INFOPLIST_KEY_UISupportedInterfaceOrientations_iPad = "UIInterfaceOrientationPortrait UIInterfaceOrientationPortraitUpsideDown UIInterfaceOrientationLandscapeLeft UIInterfaceOrientationLandscapeRight";
				INFOPLIST_KEY_UISupportedInterfaceOrientations_iPhone = "UIInterfaceOrientationPortrait UIInterfaceOrientationLandscapeLeft UIInterfaceOrientationLandscapeRight";
				LD_RUNPATH_SEARCH_PATHS = (
					"$(inherited)",
					"@executable_path/Frameworks",
				);
				MARKETING_VERSION = 1.0;
				PRODUCT_BUNDLE_IDENTIFIER = abozaid.ibrahim.QuietQibla;
				PRODUCT_NAME = "$(TARGET_NAME)";
				SWIFT_EMIT_LOC_STRINGS = YES;
				SWIFT_VERSION = 5.0;
				TARGETED_DEVICE_FAMILY = "1,2";
			};
			name = Release;
		};
		6CAD44252BB278BA00DB57D1 /* Debug */ = {
			isa = XCBuildConfiguration;
			buildSettings = {
				ALWAYS_EMBED_SWIFT_STANDARD_LIBRARIES = YES;
				BUNDLE_LOADER = "$(TEST_HOST)";
				CODE_SIGN_STYLE = Automatic;
				CURRENT_PROJECT_VERSION = 1;
				GENERATE_INFOPLIST_FILE = YES;
				IPHONEOS_DEPLOYMENT_TARGET = 17.0;
				MARKETING_VERSION = 1.0;
				PRODUCT_BUNDLE_IDENTIFIER = abozaid.ibrahim.QuietQiblaTests;
				PRODUCT_NAME = "$(TARGET_NAME)";
				SWIFT_EMIT_LOC_STRINGS = NO;
				SWIFT_VERSION = 5.0;
				TARGETED_DEVICE_FAMILY = "1,2";
				TEST_HOST = "$(BUILT_PRODUCTS_DIR)/QuietQibla.app/$(BUNDLE_EXECUTABLE_FOLDER_PATH)/QuietQibla";
			};
			name = Debug;
		};
		6CAD44262BB278BA00DB57D1 /* Release */ = {
			isa = XCBuildConfiguration;
			buildSettings = {
				ALWAYS_EMBED_SWIFT_STANDARD_LIBRARIES = YES;
				BUNDLE_LOADER = "$(TEST_HOST)";
				CODE_SIGN_STYLE = Automatic;
				CURRENT_PROJECT_VERSION = 1;
				GENERATE_INFOPLIST_FILE = YES;
				IPHONEOS_DEPLOYMENT_TARGET = 17.0;
				MARKETING_VERSION = 1.0;
				PRODUCT_BUNDLE_IDENTIFIER = abozaid.ibrahim.QuietQiblaTests;
				PRODUCT_NAME = "$(TARGET_NAME)";
				SWIFT_EMIT_LOC_STRINGS = NO;
				SWIFT_VERSION = 5.0;
				TARGETED_DEVICE_FAMILY = "1,2";
				TEST_HOST = "$(BUILT_PRODUCTS_DIR)/QuietQibla.app/$(BUNDLE_EXECUTABLE_FOLDER_PATH)/QuietQibla";
			};
			name = Release;
		};
		6CAD44282BB278BA00DB57D1 /* Debug */ = {
			isa = XCBuildConfiguration;
			buildSettings = {
				ALWAYS_EMBED_SWIFT_STANDARD_LIBRARIES = YES;
				CODE_SIGN_STYLE = Automatic;
				CURRENT_PROJECT_VERSION = 1;
				GENERATE_INFOPLIST_FILE = YES;
				MARKETING_VERSION = 1.0;
				PRODUCT_BUNDLE_IDENTIFIER = abozaid.ibrahim.QuietQiblaUITests;
				PRODUCT_NAME = "$(TARGET_NAME)";
				SWIFT_EMIT_LOC_STRINGS = NO;
				SWIFT_VERSION = 5.0;
				TARGETED_DEVICE_FAMILY = "1,2";
				TEST_TARGET_NAME = QuietQibla;
			};
			name = Debug;
		};
		6CAD44292BB278BA00DB57D1 /* Release */ = {
			isa = XCBuildConfiguration;
			buildSettings = {
				ALWAYS_EMBED_SWIFT_STANDARD_LIBRARIES = YES;
				CODE_SIGN_STYLE = Automatic;
				CURRENT_PROJECT_VERSION = 1;
				GENERATE_INFOPLIST_FILE = YES;
				MARKETING_VERSION = 1.0;
				PRODUCT_BUNDLE_IDENTIFIER = abozaid.ibrahim.QuietQiblaUITests;
				PRODUCT_NAME = "$(TARGET_NAME)";
				SWIFT_EMIT_LOC_STRINGS = NO;
				SWIFT_VERSION = 5.0;
				TARGETED_DEVICE_FAMILY = "1,2";
				TEST_TARGET_NAME = QuietQibla;
			};
			name = Release;
		};
/* End XCBuildConfiguration section */

/* Begin XCConfigurationList section */
		6CAD43F82BB278B800DB57D1 /* Build configuration list for PBXProject "QuietQibla" */ = {
			isa = XCConfigurationList;
			buildConfigurations = (
				6CAD441F2BB278BA00DB57D1 /* Debug */,
				6CAD44202BB278BA00DB57D1 /* Release */,
			);
			defaultConfigurationIsVisible = 0;
			defaultConfigurationName = Release;
		};
		6CAD44212BB278BA00DB57D1 /* Build configuration list for PBXNativeTarget "QuietQibla" */ = {
			isa = XCConfigurationList;
			buildConfigurations = (
				6CAD44222BB278BA00DB57D1 /* Debug */,
				6CAD44232BB278BA00DB57D1 /* Release */,
			);
			defaultConfigurationIsVisible = 0;
			defaultConfigurationName = Release;
		};
		6CAD44242BB278BA00DB57D1 /* Build configuration list for PBXNativeTarget "QuietQiblaTests" */ = {
			isa = XCConfigurationList;
			buildConfigurations = (
				6CAD44252BB278BA00DB57D1 /* Debug */,
				6CAD44262BB278BA00DB57D1 /* Release */,
			);
			defaultConfigurationIsVisible = 0;
			defaultConfigurationName = Release;
		};
		6CAD44272BB278BA00DB57D1 /* Build configuration list for PBXNativeTarget "QuietQiblaUITests" */ = {
			isa = XCConfigurationList;
			buildConfigurations = (
				6CAD44282BB278BA00DB57D1 /* Debug */,
				6CAD44292BB278BA00DB57D1 /* Release */,
			);
			defaultConfigurationIsVisible = 0;
			defaultConfigurationName = Release;
		};
/* End XCConfigurationList section */
	};
	rootObject = 6CAD43F52BB278B800DB57D1 /* Project object */;
}
