// !$*UTF8*$!
{
	archiveVersion = 1;
	classes = {
	};
	objectVersion = 56;
	objects = {

/* Begin PBXBuildFile section */
		6C581E162BB2A3130095DE84 /* ModeChanger.swift in Sources */ = {isa = PBXBuildFile; fileRef = 6C581E152BB2A3130095DE84 /* ModeChanger.swift */; };
		6C581E182BB2A33A0095DE84 /* LocationListener.swift in Sources */ = {isa = PBXBuildFile; fileRef = 6C581E172BB2A33A0095DE84 /* LocationListener.swift */; };
		6C581E1A2BB2A3500095DE84 /* LocationManager.swift in Sources */ = {isa = PBXBuildFile; fileRef = 6C581E192BB2A3500095DE84 /* LocationManager.swift */; };
		6C581E1C2BB2A36E0095DE84 /* MosqueItem.swift in Sources */ = {isa = PBXBuildFile; fileRef = 6C581E1B2BB2A36E0095DE84 /* MosqueItem.swift */; };
		6C581E1E2BB2A37E0095DE84 /* MapView.swift in Sources */ = {isa = PBXBuildFile; fileRef = 6C581E1D2BB2A37E0095DE84 /* MapView.swift */; };
		6C581E202BB2A39D0095DE84 /* MapScreen.swift in Sources */ = {isa = PBXBuildFile; fileRef = 6C581E1F2BB2A39D0095DE84 /* MapScreen.swift */; };
		6C581E222BB2A3B30095DE84 /* Router.swift in Sources */ = {isa = PBXBuildFile; fileRef = 6C581E212BB2A3B30095DE84 /* Router.swift */; };
		6C581E242BB2A3C20095DE84 /* MosqueListView.swift in Sources */ = {isa = PBXBuildFile; fileRef = 6C581E232BB2A3C20095DE84 /* MosqueListView.swift */; };
		6CAD44012BB278B800DB57D1 /* MasgedSilencerApp.swift in Sources */ = {isa = PBXBuildFile; fileRef = 6CAD44002BB278B800DB57D1 /* MasgedSilencerApp.swift */; };
		6CAD44032BB278B800DB57D1 /* ContentView.swift in Sources */ = {isa = PBXBuildFile; fileRef = 6CAD44022BB278B800DB57D1 /* ContentView.swift */; };
		6CAD44052BB278BA00DB57D1 /* Assets.xcassets in Resources */ = {isa = PBXBuildFile; fileRef = 6CAD44042BB278BA00DB57D1 /* Assets.xcassets */; };
		6CAD44082BB278BA00DB57D1 /* Preview Assets.xcassets in Resources */ = {isa = PBXBuildFile; fileRef = 6CAD44072BB278BA00DB57D1 /* Preview Assets.xcassets */; };
		6CAD44122BB278BA00DB57D1 /* MasgedSilencerTests.swift in Sources */ = {isa = PBXBuildFile; fileRef = 6CAD44112BB278BA00DB57D1 /* MasgedSilencerTests.swift */; };
		6CAD441C2BB278BA00DB57D1 /* MasgedSilencerUITests.swift in Sources */ = {isa = PBXBuildFile; fileRef = 6CAD441B2BB278BA00DB57D1 /* MasgedSilencerUITests.swift */; };
		6CAD441E2BB278BA00DB57D1 /* MasgedSilencerUITestsLaunchTests.swift in Sources */ = {isa = PBXBuildFile; fileRef = 6CAD441D2BB278BA00DB57D1 /* MasgedSilencerUITestsLaunchTests.swift */; };
		6CDD03CD2BB2926D0084661C /* Caching.swift in Sources */ = {isa = PBXBuildFile; fileRef = 6CDD03CC2BB2926D0084661C /* Caching.swift */; };
		6CDD03CF2BB298BE0084661C /* CachingTests.swift in Sources */ = {isa = PBXBuildFile; fileRef = 6CDD03CE2BB298BE0084661C /* CachingTests.swift */; };
/* End PBXBuildFile section */

/* Begin PBXContainerItemProxy section */
		6CAD440E2BB278BA00DB57D1 /* PBXContainerItemProxy */ = {
			isa = PBXContainerItemProxy;
			containerPortal = 6CAD43F52BB278B800DB57D1 /* Project object */;
			proxyType = 1;
			remoteGlobalIDString = 6CAD43FC2BB278B800DB57D1;
			remoteInfo = MasgedSilencer;
		};
		6CAD44182BB278BA00DB57D1 /* PBXContainerItemProxy */ = {
			isa = PBXContainerItemProxy;
			containerPortal = 6CAD43F52BB278B800DB57D1 /* Project object */;
			proxyType = 1;
			remoteGlobalIDString = 6CAD43FC2BB278B800DB57D1;
			remoteInfo = MasgedSilencer;
		};
/* End PBXContainerItemProxy section */

/* Begin PBXFileReference section */
		6C581E152BB2A3130095DE84 /* ModeChanger.swift */ = {isa = PBXFileReference; lastKnownFileType = sourcecode.swift; path = ModeChanger.swift; sourceTree = "<group>"; };
		6C581E172BB2A33A0095DE84 /* LocationListener.swift */ = {isa = PBXFileReference; lastKnownFileType = sourcecode.swift; path = LocationListener.swift; sourceTree = "<group>"; };
		6C581E192BB2A3500095DE84 /* LocationManager.swift */ = {isa = PBXFileReference; lastKnownFileType = sourcecode.swift; path = LocationManager.swift; sourceTree = "<group>"; };
		6C581E1B2BB2A36E0095DE84 /* MosqueItem.swift */ = {isa = PBXFileReference; lastKnownFileType = sourcecode.swift; path = MosqueItem.swift; sourceTree = "<group>"; };
		6C581E1D2BB2A37E0095DE84 /* MapView.swift */ = {isa = PBXFileReference; lastKnownFileType = sourcecode.swift; path = MapView.swift; sourceTree = "<group>"; };
		6C581E1F2BB2A39D0095DE84 /* MapScreen.swift */ = {isa = PBXFileReference; lastKnownFileType = sourcecode.swift; path = MapScreen.swift; sourceTree = "<group>"; };
		6C581E212BB2A3B30095DE84 /* Router.swift */ = {isa = PBXFileReference; lastKnownFileType = sourcecode.swift; path = Router.swift; sourceTree = "<group>"; };
		6C581E232BB2A3C20095DE84 /* MosqueListView.swift */ = {isa = PBXFileReference; lastKnownFileType = sourcecode.swift; path = MosqueListView.swift; sourceTree = "<group>"; };
		6CAD43FD2BB278B800DB57D1 /* MasgedSilencer.app */ = {isa = PBXFileReference; explicitFileType = wrapper.application; includeInIndex = 0; path = MasgedSilencer.app; sourceTree = BUILT_PRODUCTS_DIR; };
		6CAD44002BB278B800DB57D1 /* MasgedSilencerApp.swift */ = {isa = PBXFileReference; lastKnownFileType = sourcecode.swift; path = MasgedSilencerApp.swift; sourceTree = "<group>"; };
		6CAD44022BB278B800DB57D1 /* ContentView.swift */ = {isa = PBXFileReference; lastKnownFileType = sourcecode.swift; path = ContentView.swift; sourceTree = "<group>"; };
		6CAD44042BB278BA00DB57D1 /* Assets.xcassets */ = {isa = PBXFileReference; lastKnownFileType = folder.assetcatalog; path = Assets.xcassets; sourceTree = "<group>"; };
		6CAD44072BB278BA00DB57D1 /* Preview Assets.xcassets */ = {isa = PBXFileReference; lastKnownFileType = folder.assetcatalog; path = "Preview Assets.xcassets"; sourceTree = "<group>"; };
		6CAD440D2BB278BA00DB57D1 /* MasgedSilencerTests.xctest */ = {isa = PBXFileReference; explicitFileType = wrapper.cfbundle; includeInIndex = 0; path = MasgedSilencerTests.xctest; sourceTree = BUILT_PRODUCTS_DIR; };
		6CAD44112BB278BA00DB57D1 /* MasgedSilencerTests.swift */ = {isa = PBXFileReference; lastKnownFileType = sourcecode.swift; path = MasgedSilencerTests.swift; sourceTree = "<group>"; };
		6CAD44172BB278BA00DB57D1 /* MasgedSilencerUITests.xctest */ = {isa = PBXFileReference; explicitFileType = wrapper.cfbundle; includeInIndex = 0; path = MasgedSilencerUITests.xctest; sourceTree = BUILT_PRODUCTS_DIR; };
		6CAD441B2BB278BA00DB57D1 /* MasgedSilencerUITests.swift */ = {isa = PBXFileReference; lastKnownFileType = sourcecode.swift; path = MasgedSilencerUITests.swift; sourceTree = "<group>"; };
		6CAD441D2BB278BA00DB57D1 /* MasgedSilencerUITestsLaunchTests.swift */ = {isa = PBXFileReference; lastKnownFileType = sourcecode.swift; path = MasgedSilencerUITestsLaunchTests.swift; sourceTree = "<group>"; };
		6CDD03CC2BB2926D0084661C /* Caching.swift */ = {isa = PBXFileReference; lastKnownFileType = sourcecode.swift; path = Caching.swift; sourceTree = "<group>"; };
		6CDD03CE2BB298BE0084661C /* CachingTests.swift */ = {isa = PBXFileReference; lastKnownFileType = sourcecode.swift; path = CachingTests.swift; sourceTree = "<group>"; };
/* End PBXFileReference section */

/* Begin PBXFrameworksBuildPhase section */
		6CAD43FA2BB278B800DB57D1 /* Frameworks */ = {
			isa = PBXFrameworksBuildPhase;
			buildActionMask = 2147483647;
			files = (
			);
			runOnlyForDeploymentPostprocessing = 0;
		};
		6CAD440A2BB278BA00DB57D1 /* Frameworks */ = {
			isa = PBXFrameworksBuildPhase;
			buildActionMask = 2147483647;
			files = (
			);
			runOnlyForDeploymentPostprocessing = 0;
		};
		6CAD44142BB278BA00DB57D1 /* Frameworks */ = {
			isa = PBXFrameworksBuildPhase;
			buildActionMask = 2147483647;
			files = (
			);
			runOnlyForDeploymentPostprocessing = 0;
		};
/* End PBXFrameworksBuildPhase section */

/* Begin PBXGroup section */
		6C581E252BB2A4600095DE84 /* Modules */ = {
			isa = PBXGroup;
			children = (
				6C581E292BB2A4850095DE84 /* Caching */,
				6C581E282BB2A47E0095DE84 /* Device */,
				6C581E272BB2A4720095DE84 /* Location */,
			);
			path = Modules;
			sourceTree = "<group>";
		};
		6C581E262BB2A4650095DE84 /* Screens */ = {
			isa = PBXGroup;
			children = (
				6C581E2D2BB2A4B00095DE84 /* MosquesList */,
				6C581E2C2BB2A4AD0095DE84 /* Map */,
				6C581E2B2BB2A4A80095DE84 /* HomeScreen */,
			);
			path = Screens;
			sourceTree = "<group>";
		};
		6C581E272BB2A4720095DE84 /* Location */ = {
			isa = PBXGroup;
			children = (
				6C581E172BB2A33A0095DE84 /* LocationListener.swift */,
				6C581E192BB2A3500095DE84 /* LocationManager.swift */,
			);
			path = Location;
			sourceTree = "<group>";
		};
		6C581E282BB2A47E0095DE84 /* Device */ = {
			isa = PBXGroup;
			children = (
				6C581E152BB2A3130095DE84 /* ModeChanger.swift */,
			);
			path = Device;
			sourceTree = "<group>";
		};
		6C581E292BB2A4850095DE84 /* Caching */ = {
			isa = PBXGroup;
			children = (
				6CDD03CC2BB2926D0084661C /* Caching.swift */,
			);
			path = Caching;
			sourceTree = "<group>";
		};
		6C581E2B2BB2A4A80095DE84 /* HomeScreen */ = {
			isa = PBXGroup;
			children = (
				6CAD44022BB278B800DB57D1 /* ContentView.swift */,
			);
			path = HomeScreen;
			sourceTree = "<group>";
		};
		6C581E2C2BB2A4AD0095DE84 /* Map */ = {
			isa = PBXGroup;
			children = (
				6C581E1D2BB2A37E0095DE84 /* MapView.swift */,
				6C581E1F2BB2A39D0095DE84 /* MapScreen.swift */,
			);
			path = Map;
			sourceTree = "<group>";
		};
		6C581E2D2BB2A4B00095DE84 /* MosquesList */ = {
			isa = PBXGroup;
			children = (
				6C581E232BB2A3C20095DE84 /* MosqueListView.swift */,
			);
			path = MosquesList;
			sourceTree = "<group>";
		};
		6CAD43F42BB278B800DB57D1 = {
			isa = PBXGroup;
			children = (
				6CAD43FF2BB278B800DB57D1 /* MasgedSilencer */,
				6CAD44102BB278BA00DB57D1 /* MasgedSilencerTests */,
				6CAD441A2BB278BA00DB57D1 /* MasgedSilencerUITests */,
				6CAD43FE2BB278B800DB57D1 /* Products */,
			);
			sourceTree = "<group>";
		};
		6CAD43FE2BB278B800DB57D1 /* Products */ = {
			isa = PBXGroup;
			children = (
				6CAD43FD2BB278B800DB57D1 /* MasgedSilencer.app */,
				6CAD440D2BB278BA00DB57D1 /* MasgedSilencerTests.xctest */,
				6CAD44172BB278BA00DB57D1 /* MasgedSilencerUITests.xctest */,
			);
			name = Products;
			sourceTree = "<group>";
		};
		6CAD43FF2BB278B800DB57D1 /* MasgedSilencer */ = {
			isa = PBXGroup;
			children = (
				6C581E262BB2A4650095DE84 /* Screens */,
				6C581E252BB2A4600095DE84 /* Modules */,
				6CAD44002BB278B800DB57D1 /* MasgedSilencerApp.swift */,
				6CAD44042BB278BA00DB57D1 /* Assets.xcassets */,
				6CAD44062BB278BA00DB57D1 /* Preview Content */,
				6C581E1B2BB2A36E0095DE84 /* MosqueItem.swift */,
				6C581E212BB2A3B30095DE84 /* Router.swift */,
			);
			path = MasgedSilencer;
			sourceTree = "<group>";
		};
		6CAD44062BB278BA00DB57D1 /* Preview Content */ = {
			isa = PBXGroup;
			children = (
				6CAD44072BB278BA00DB57D1 /* Preview Assets.xcassets */,
			);
			path = "Preview Content";
			sourceTree = "<group>";
		};
		6CAD44102BB278BA00DB57D1 /* MasgedSilencerTests */ = {
			isa = PBXGroup;
			children = (
				6CAD44112BB278BA00DB57D1 /* MasgedSilencerTests.swift */,
				6CDD03CE2BB298BE0084661C /* CachingTests.swift */,
			);
			path = MasgedSilencerTests;
			sourceTree = "<group>";
		};
		6CAD441A2BB278BA00DB57D1 /* MasgedSilencerUITests */ = {
			isa = PBXGroup;
			children = (
				6CAD441B2BB278BA00DB57D1 /* MasgedSilencerUITests.swift */,
				6CAD441D2BB278BA00DB57D1 /* MasgedSilencerUITestsLaunchTests.swift */,
			);
			path = MasgedSilencerUITests;
			sourceTree = "<group>";
		};
/* End PBXGroup section */

/* Begin PBXNativeTarget section */
		6CAD43FC2BB278B800DB57D1 /* MasgedSilencer */ = {
			isa = PBXNativeTarget;
			buildConfigurationList = 6CAD44212BB278BA00DB57D1 /* Build configuration list for PBXNativeTarget "MasgedSilencer" */;
			buildPhases = (
				6CAD43F92BB278B800DB57D1 /* Sources */,
				6CAD43FA2BB278B800DB57D1 /* Frameworks */,
				6CAD43FB2BB278B800DB57D1 /* Resources */,
			);
			buildRules = (
			);
			dependencies = (
			);
			name = MasgedSilencer;
			productName = MasgedSilencer;
			productReference = 6CAD43FD2BB278B800DB57D1 /* MasgedSilencer.app */;
			productType = "com.apple.product-type.application";
		};
		6CAD440C2BB278BA00DB57D1 /* MasgedSilencerTests */ = {
			isa = PBXNativeTarget;
			buildConfigurationList = 6CAD44242BB278BA00DB57D1 /* Build configuration list for PBXNativeTarget "MasgedSilencerTests" */;
			buildPhases = (
				6CAD44092BB278BA00DB57D1 /* Sources */,
				6CAD440A2BB278BA00DB57D1 /* Frameworks */,
				6CAD440B2BB278BA00DB57D1 /* Resources */,
			);
			buildRules = (
			);
			dependencies = (
				6CAD440F2BB278BA00DB57D1 /* PBXTargetDependency */,
			);
			name = MasgedSilencerTests;
			productName = MasgedSilencerTests;
			productReference = 6CAD440D2BB278BA00DB57D1 /* MasgedSilencerTests.xctest */;
			productType = "com.apple.product-type.bundle.unit-test";
		};
		6CAD44162BB278BA00DB57D1 /* MasgedSilencerUITests */ = {
			isa = PBXNativeTarget;
			buildConfigurationList = 6CAD44272BB278BA00DB57D1 /* Build configuration list for PBXNativeTarget "MasgedSilencerUITests" */;
			buildPhases = (
				6CAD44132BB278BA00DB57D1 /* Sources */,
				6CAD44142BB278BA00DB57D1 /* Frameworks */,
				6CAD44152BB278BA00DB57D1 /* Resources */,
			);
			buildRules = (
			);
			dependencies = (
				6CAD44192BB278BA00DB57D1 /* PBXTargetDependency */,
			);
			name = MasgedSilencerUITests;
			productName = MasgedSilencerUITests;
			productReference = 6CAD44172BB278BA00DB57D1 /* MasgedSilencerUITests.xctest */;
			productType = "com.apple.product-type.bundle.ui-testing";
		};
/* End PBXNativeTarget section */

/* Begin PBXProject section */
		6CAD43F52BB278B800DB57D1 /* Project object */ = {
			isa = PBXProject;
			attributes = {
				BuildIndependentTargetsInParallel = 1;
				LastSwiftUpdateCheck = 1500;
				LastUpgradeCheck = 1500;
				TargetAttributes = {
					6CAD43FC2BB278B800DB57D1 = {
						CreatedOnToolsVersion = 15.0;
					};
					6CAD440C2BB278BA00DB57D1 = {
						CreatedOnToolsVersion = 15.0;
						TestTargetID = 6CAD43FC2BB278B800DB57D1;
					};
					6CAD44162BB278BA00DB57D1 = {
						CreatedOnToolsVersion = 15.0;
						TestTargetID = 6CAD43FC2BB278B800DB57D1;
					};
				};
			};
			buildConfigurationList = 6CAD43F82BB278B800DB57D1 /* Build configuration list for PBXProject "MasgedSilencer" */;
			compatibilityVersion = "Xcode 14.0";
			developmentRegion = en;
			hasScannedForEncodings = 0;
			knownRegions = (
				en,
				Base,
			);
			mainGroup = 6CAD43F42BB278B800DB57D1;
			productRefGroup = 6CAD43FE2BB278B800DB57D1 /* Products */;
			projectDirPath = "";
			projectRoot = "";
			targets = (
				6CAD43FC2BB278B800DB57D1 /* MasgedSilencer */,
				6CAD440C2BB278BA00DB57D1 /* MasgedSilencerTests */,
				6CAD44162BB278BA00DB57D1 /* MasgedSilencerUITests */,
			);
		};
/* End PBXProject section */

/* Begin PBXResourcesBuildPhase section */
		6CAD43FB2BB278B800DB57D1 /* Resources */ = {
			isa = PBXResourcesBuildPhase;
			buildActionMask = 2147483647;
			files = (
				6CAD44082BB278BA00DB57D1 /* Preview Assets.xcassets in Resources */,
				6CAD44052BB278BA00DB57D1 /* Assets.xcassets in Resources */,
			);
			runOnlyForDeploymentPostprocessing = 0;
		};
		6CAD440B2BB278BA00DB57D1 /* Resources */ = {
			isa = PBXResourcesBuildPhase;
			buildActionMask = 2147483647;
			files = (
			);
			runOnlyForDeploymentPostprocessing = 0;
		};
		6CAD44152BB278BA00DB57D1 /* Resources */ = {
			isa = PBXResourcesBuildPhase;
			buildActionMask = 2147483647;
			files = (
			);
			runOnlyForDeploymentPostprocessing = 0;
		};
/* End PBXResourcesBuildPhase section */

/* Begin PBXSourcesBuildPhase section */
		6CAD43F92BB278B800DB57D1 /* Sources */ = {
			isa = PBXSourcesBuildPhase;
			buildActionMask = 2147483647;
			files = (
				6C581E202BB2A39D0095DE84 /* MapScreen.swift in Sources */,
				6CDD03CD2BB2926D0084661C /* Caching.swift in Sources */,
				6C581E222BB2A3B30095DE84 /* Router.swift in Sources */,
				6C581E1E2BB2A37E0095DE84 /* MapView.swift in Sources */,
				6C581E162BB2A3130095DE84 /* ModeChanger.swift in Sources */,
				6C581E1A2BB2A3500095DE84 /* LocationManager.swift in Sources */,
				6CAD44032BB278B800DB57D1 /* ContentView.swift in Sources */,
				6C581E182BB2A33A0095DE84 /* LocationListener.swift in Sources */,
				6CAD44012BB278B800DB57D1 /* MasgedSilencerApp.swift in Sources */,
				6C581E1C2BB2A36E0095DE84 /* MosqueItem.swift in Sources */,
				6C581E242BB2A3C20095DE84 /* MosqueListView.swift in Sources */,
			);
			runOnlyForDeploymentPostprocessing = 0;
		};
		6CAD44092BB278BA00DB57D1 /* Sources */ = {
			isa = PBXSourcesBuildPhase;
			buildActionMask = 2147483647;
			files = (
				6CAD44122BB278BA00DB57D1 /* MasgedSilencerTests.swift in Sources */,
				6CDD03CF2BB298BE0084661C /* CachingTests.swift in Sources */,
			);
			runOnlyForDeploymentPostprocessing = 0;
		};
		6CAD44132BB278BA00DB57D1 /* Sources */ = {
			isa = PBXSourcesBuildPhase;
			buildActionMask = 2147483647;
			files = (
				6CAD441E2BB278BA00DB57D1 /* MasgedSilencerUITestsLaunchTests.swift in Sources */,
				6CAD441C2BB278BA00DB57D1 /* MasgedSilencerUITests.swift in Sources */,
			);
			runOnlyForDeploymentPostprocessing = 0;
		};
/* End PBXSourcesBuildPhase section */

/* Begin PBXTargetDependency section */
		6CAD440F2BB278BA00DB57D1 /* PBXTargetDependency */ = {
			isa = PBXTargetDependency;
			target = 6CAD43FC2BB278B800DB57D1 /* MasgedSilencer */;
			targetProxy = 6CAD440E2BB278BA00DB57D1 /* PBXContainerItemProxy */;
		};
		6CAD44192BB278BA00DB57D1 /* PBXTargetDependency */ = {
			isa = PBXTargetDependency;
			target = 6CAD43FC2BB278B800DB57D1 /* MasgedSilencer */;
			targetProxy = 6CAD44182BB278BA00DB57D1 /* PBXContainerItemProxy */;
		};
/* End PBXTargetDependency section */

/* Begin XCBuildConfiguration section */
		6CAD441F2BB278BA00DB57D1 /* Debug */ = {
			isa = XCBuildConfiguration;
			buildSettings = {
				ALWAYS_SEARCH_USER_PATHS = NO;
				ASSETCATALOG_COMPILER_GENERATE_SWIFT_ASSET_SYMBOL_EXTENSIONS = YES;
				CLANG_ANALYZER_NONNULL = YES;
				CLANG_ANALYZER_NUMBER_OBJECT_CONVERSION = YES_AGGRESSIVE;
				CLANG_CXX_LANGUAGE_STANDARD = "gnu++20";
				CLANG_ENABLE_MODULES = YES;
				CLANG_ENABLE_OBJC_ARC = YES;
				CLANG_ENABLE_OBJC_WEAK = YES;
				CLANG_WARN_BLOCK_CAPTURE_AUTORELEASING = YES;
				CLANG_WARN_BOOL_CONVERSION = YES;
				CLANG_WARN_COMMA = YES;
				CLANG_WARN_CONSTANT_CONVERSION = YES;
				CLANG_WARN_DEPRECATED_OBJC_IMPLEMENTATIONS = YES;
				CLANG_WARN_DIRECT_OBJC_ISA_USAGE = YES_ERROR;
				CLANG_WARN_DOCUMENTATION_COMMENTS = YES;
				CLANG_WARN_EMPTY_BODY = YES;
				CLANG_WARN_ENUM_CONVERSION = YES;
				CLANG_WARN_INFINITE_RECURSION = YES;
				CLANG_WARN_INT_CONVERSION = YES;
				CLANG_WARN_NON_LITERAL_NULL_CONVERSION = YES;
				CLANG_WARN_OBJC_IMPLICIT_RETAIN_SELF = YES;
				CLANG_WARN_OBJC_LITERAL_CONVERSION = YES;
				CLANG_WARN_OBJC_ROOT_CLASS = YES_ERROR;
				CLANG_WARN_QUOTED_INCLUDE_IN_FRAMEWORK_HEADER = YES;
				CLANG_WARN_RANGE_LOOP_ANALYSIS = YES;
				CLANG_WARN_STRICT_PROTOTYPES = YES;
				CLANG_WARN_SUSPICIOUS_MOVE = YES;
				CLANG_WARN_UNGUARDED_AVAILABILITY = YES_AGGRESSIVE;
				CLANG_WARN_UNREACHABLE_CODE = YES;
				CLANG_WARN__DUPLICATE_METHOD_MATCH = YES;
				COPY_PHASE_STRIP = NO;
				DEBUG_INFORMATION_FORMAT = dwarf;
				ENABLE_STRICT_OBJC_MSGSEND = YES;
				ENABLE_TESTABILITY = YES;
				ENABLE_USER_SCRIPT_SANDBOXING = YES;
				GCC_C_LANGUAGE_STANDARD = gnu17;
				GCC_DYNAMIC_NO_PIC = NO;
				GCC_NO_COMMON_BLOCKS = YES;
				GCC_OPTIMIZATION_LEVEL = 0;
				GCC_PREPROCESSOR_DEFINITIONS = (
					"DEBUG=1",
					"$(inherited)",
				);
				GCC_WARN_64_TO_32_BIT_CONVERSION = YES;
				GCC_WARN_ABOUT_RETURN_TYPE = YES_ERROR;
				GCC_WARN_UNDECLARED_SELECTOR = YES;
				GCC_WARN_UNINITIALIZED_AUTOS = YES_AGGRESSIVE;
				GCC_WARN_UNUSED_FUNCTION = YES;
				GCC_WARN_UNUSED_VARIABLE = YES;
				IPHONEOS_DEPLOYMENT_TARGET = 16.0;
				LOCALIZATION_PREFERS_STRING_CATALOGS = YES;
				MTL_ENABLE_DEBUG_INFO = INCLUDE_SOURCE;
				MTL_FAST_MATH = YES;
				ONLY_ACTIVE_ARCH = YES;
				SDKROOT = iphoneos;
				SWIFT_ACTIVE_COMPILATION_CONDITIONS = "DEBUG $(inherited)";
				SWIFT_OPTIMIZATION_LEVEL = "-Onone";
			};
			name = Debug;
		};
		6CAD44202BB278BA00DB57D1 /* Release */ = {
			isa = XCBuildConfiguration;
			buildSettings = {
				ALWAYS_SEARCH_USER_PATHS = NO;
				ASSETCATALOG_COMPILER_GENERATE_SWIFT_ASSET_SYMBOL_EXTENSIONS = YES;
				CLANG_ANALYZER_NONNULL = YES;
				CLANG_ANALYZER_NUMBER_OBJECT_CONVERSION = YES_AGGRESSIVE;
				CLANG_CXX_LANGUAGE_STANDARD = "gnu++20";
				CLANG_ENABLE_MODULES = YES;
				CLANG_ENABLE_OBJC_ARC = YES;
				CLANG_ENABLE_OBJC_WEAK = YES;
				CLANG_WARN_BLOCK_CAPTURE_AUTORELEASING = YES;
				CLANG_WARN_BOOL_CONVERSION = YES;
				CLANG_WARN_COMMA = YES;
				CLANG_WARN_CONSTANT_CONVERSION = YES;
				CLANG_WARN_DEPRECATED_OBJC_IMPLEMENTATIONS = YES;
				CLANG_WARN_DIRECT_OBJC_ISA_USAGE = YES_ERROR;
				CLANG_WARN_DOCUMENTATION_COMMENTS = YES;
				CLANG_WARN_EMPTY_BODY = YES;
				CLANG_WARN_ENUM_CONVERSION = YES;
				CLANG_WARN_INFINITE_RECURSION = YES;
				CLANG_WARN_INT_CONVERSION = YES;
				CLANG_WARN_NON_LITERAL_NULL_CONVERSION = YES;
				CLANG_WARN_OBJC_IMPLICIT_RETAIN_SELF = YES;
				CLANG_WARN_OBJC_LITERAL_CONVERSION = YES;
				CLANG_WARN_OBJC_ROOT_CLASS = YES_ERROR;
				CLANG_WARN_QUOTED_INCLUDE_IN_FRAMEWORK_HEADER = YES;
				CLANG_WARN_RANGE_LOOP_ANALYSIS = YES;
				CLANG_WARN_STRICT_PROTOTYPES = YES;
				CLANG_WARN_SUSPICIOUS_MOVE = YES;
				CLANG_WARN_UNGUARDED_AVAILABILITY = YES_AGGRESSIVE;
				CLANG_WARN_UNREACHABLE_CODE = YES;
				CLANG_WARN__DUPLICATE_METHOD_MATCH = YES;
				COPY_PHASE_STRIP = NO;
				DEBUG_INFORMATION_FORMAT = "dwarf-with-dsym";
				ENABLE_NS_ASSERTIONS = NO;
				ENABLE_STRICT_OBJC_MSGSEND = YES;
				ENABLE_USER_SCRIPT_SANDBOXING = YES;
				GCC_C_LANGUAGE_STANDARD = gnu17;
				GCC_NO_COMMON_BLOCKS = YES;
				GCC_WARN_64_TO_32_BIT_CONVERSION = YES;
				GCC_WARN_ABOUT_RETURN_TYPE = YES_ERROR;
				GCC_WARN_UNDECLARED_SELECTOR = YES;
				GCC_WARN_UNINITIALIZED_AUTOS = YES_AGGRESSIVE;
				GCC_WARN_UNUSED_FUNCTION = YES;
				GCC_WARN_UNUSED_VARIABLE = YES;
				IPHONEOS_DEPLOYMENT_TARGET = 16.0;
				LOCALIZATION_PREFERS_STRING_CATALOGS = YES;
				MTL_ENABLE_DEBUG_INFO = NO;
				MTL_FAST_MATH = YES;
				SDKROOT = iphoneos;
				SWIFT_COMPILATION_MODE = wholemodule;
				VALIDATE_PRODUCT = YES;
			};
			name = Release;
		};
		6CAD44222BB278BA00DB57D1 /* Debug */ = {
			isa = XCBuildConfiguration;
			buildSettings = {
				ASSETCATALOG_COMPILER_APPICON_NAME = AppIcon;
				ASSETCATALOG_COMPILER_GLOBAL_ACCENT_COLOR_NAME = AccentColor;
				CODE_SIGN_STYLE = Automatic;
				CURRENT_PROJECT_VERSION = 1;
				DEVELOPMENT_ASSET_PATHS = "\"MasgedSilencer/Preview Content\"";
				DEVELOPMENT_TEAM = 475YN7ANSF;
				ENABLE_PREVIEWS = YES;
				GENERATE_INFOPLIST_FILE = YES;
				INFOPLIST_KEY_NSLocationAlwaysUsageDescription = NSLocationAlwaysAndWhenInUsageDescription;
				INFOPLIST_KEY_NSLocationWhenInUseUsageDescription = NSLocationAlwaysAndWhenInUsageDescription;
				INFOPLIST_KEY_UIApplicationSceneManifest_Generation = YES;
				INFOPLIST_KEY_UIApplicationSupportsIndirectInputEvents = YES;
				INFOPLIST_KEY_UILaunchScreen_Generation = YES;
				INFOPLIST_KEY_UISupportedInterfaceOrientations_iPad = "UIInterfaceOrientationPortrait UIInterfaceOrientationPortraitUpsideDown UIInterfaceOrientationLandscapeLeft UIInterfaceOrientationLandscapeRight";
				INFOPLIST_KEY_UISupportedInterfaceOrientations_iPhone = "UIInterfaceOrientationPortrait UIInterfaceOrientationLandscapeLeft UIInterfaceOrientationLandscapeRight";
				LD_RUNPATH_SEARCH_PATHS = (
					"$(inherited)",
					"@executable_path/Frameworks",
				);
				MARKETING_VERSION = 1.0;
				PRODUCT_BUNDLE_IDENTIFIER = abozaid.ibrahim.MasgedSilencer;
				PRODUCT_NAME = "$(TARGET_NAME)";
				SWIFT_EMIT_LOC_STRINGS = YES;
				SWIFT_VERSION = 5.0;
				TARGETED_DEVICE_FAMILY = "1,2";
			};
			name = Debug;
		};
		6CAD44232BB278BA00DB57D1 /* Release */ = {
			isa = XCBuildConfiguration;
			buildSettings = {
				ASSETCATALOG_COMPILER_APPICON_NAME = AppIcon;
				ASSETCATALOG_COMPILER_GLOBAL_ACCENT_COLOR_NAME = AccentColor;
				CODE_SIGN_STYLE = Automatic;
				CURRENT_PROJECT_VERSION = 1;
				DEVELOPMENT_ASSET_PATHS = "\"MasgedSilencer/Preview Content\"";
				DEVELOPMENT_TEAM = 475YN7ANSF;
				ENABLE_PREVIEWS = YES;
				GENERATE_INFOPLIST_FILE = YES;
				INFOPLIST_KEY_NSLocationAlwaysUsageDescription = NSLocationAlwaysAndWhenInUsageDescription;
				INFOPLIST_KEY_NSLocationWhenInUseUsageDescription = NSLocationAlwaysAndWhenInUsageDescription;
				INFOPLIST_KEY_UIApplicationSceneManifest_Generation = YES;
				INFOPLIST_KEY_UIApplicationSupportsIndirectInputEvents = YES;
				INFOPLIST_KEY_UILaunchScreen_Generation = YES;
				INFOPLIST_KEY_UISupportedInterfaceOrientations_iPad = "UIInterfaceOrientationPortrait UIInterfaceOrientationPortraitUpsideDown UIInterfaceOrientationLandscapeLeft UIInterfaceOrientationLandscapeRight";
				INFOPLIST_KEY_UISupportedInterfaceOrientations_iPhone = "UIInterfaceOrientationPortrait UIInterfaceOrientationLandscapeLeft UIInterfaceOrientationLandscapeRight";
				LD_RUNPATH_SEARCH_PATHS = (
					"$(inherited)",
					"@executable_path/Frameworks",
				);
				MARKETING_VERSION = 1.0;
				PRODUCT_BUNDLE_IDENTIFIER = abozaid.ibrahim.MasgedSilencer;
				PRODUCT_NAME = "$(TARGET_NAME)";
				SWIFT_EMIT_LOC_STRINGS = YES;
				SWIFT_VERSION = 5.0;
				TARGETED_DEVICE_FAMILY = "1,2";
			};
			name = Release;
		};
		6CAD44252BB278BA00DB57D1 /* Debug */ = {
			isa = XCBuildConfiguration;
			buildSettings = {
				ALWAYS_EMBED_SWIFT_STANDARD_LIBRARIES = YES;
				BUNDLE_LOADER = "$(TEST_HOST)";
				CODE_SIGN_STYLE = Automatic;
				CURRENT_PROJECT_VERSION = 1;
				GENERATE_INFOPLIST_FILE = YES;
				IPHONEOS_DEPLOYMENT_TARGET = 17.0;
				MARKETING_VERSION = 1.0;
				PRODUCT_BUNDLE_IDENTIFIER = abozaid.ibrahim.MasgedSilencerTests;
				PRODUCT_NAME = "$(TARGET_NAME)";
				SWIFT_EMIT_LOC_STRINGS = NO;
				SWIFT_VERSION = 5.0;
				TARGETED_DEVICE_FAMILY = "1,2";
				TEST_HOST = "$(BUILT_PRODUCTS_DIR)/MasgedSilencer.app/$(BUNDLE_EXECUTABLE_FOLDER_PATH)/MasgedSilencer";
			};
			name = Debug;
		};
		6CAD44262BB278BA00DB57D1 /* Release */ = {
			isa = XCBuildConfiguration;
			buildSettings = {
				ALWAYS_EMBED_SWIFT_STANDARD_LIBRARIES = YES;
				BUNDLE_LOADER = "$(TEST_HOST)";
				CODE_SIGN_STYLE = Automatic;
				CURRENT_PROJECT_VERSION = 1;
				GENERATE_INFOPLIST_FILE = YES;
				IPHONEOS_DEPLOYMENT_TARGET = 17.0;
				MARKETING_VERSION = 1.0;
				PRODUCT_BUNDLE_IDENTIFIER = abozaid.ibrahim.MasgedSilencerTests;
				PRODUCT_NAME = "$(TARGET_NAME)";
				SWIFT_EMIT_LOC_STRINGS = NO;
				SWIFT_VERSION = 5.0;
				TARGETED_DEVICE_FAMILY = "1,2";
				TEST_HOST = "$(BUILT_PRODUCTS_DIR)/MasgedSilencer.app/$(BUNDLE_EXECUTABLE_FOLDER_PATH)/MasgedSilencer";
			};
			name = Release;
		};
		6CAD44282BB278BA00DB57D1 /* Debug */ = {
			isa = XCBuildConfiguration;
			buildSettings = {
				ALWAYS_EMBED_SWIFT_STANDARD_LIBRARIES = YES;
				CODE_SIGN_STYLE = Automatic;
				CURRENT_PROJECT_VERSION = 1;
				GENERATE_INFOPLIST_FILE = YES;
				MARKETING_VERSION = 1.0;
				PRODUCT_BUNDLE_IDENTIFIER = abozaid.ibrahim.MasgedSilencerUITests;
				PRODUCT_NAME = "$(TARGET_NAME)";
				SWIFT_EMIT_LOC_STRINGS = NO;
				SWIFT_VERSION = 5.0;
				TARGETED_DEVICE_FAMILY = "1,2";
				TEST_TARGET_NAME = MasgedSilencer;
			};
			name = Debug;
		};
		6CAD44292BB278BA00DB57D1 /* Release */ = {
			isa = XCBuildConfiguration;
			buildSettings = {
				ALWAYS_EMBED_SWIFT_STANDARD_LIBRARIES = YES;
				CODE_SIGN_STYLE = Automatic;
				CURRENT_PROJECT_VERSION = 1;
				GENERATE_INFOPLIST_FILE = YES;
				MARKETING_VERSION = 1.0;
				PRODUCT_BUNDLE_IDENTIFIER = abozaid.ibrahim.MasgedSilencerUITests;
				PRODUCT_NAME = "$(TARGET_NAME)";
				SWIFT_EMIT_LOC_STRINGS = NO;
				SWIFT_VERSION = 5.0;
				TARGETED_DEVICE_FAMILY = "1,2";
				TEST_TARGET_NAME = MasgedSilencer;
			};
			name = Release;
		};
/* End XCBuildConfiguration section */

/* Begin XCConfigurationList section */
		6CAD43F82BB278B800DB57D1 /* Build configuration list for PBXProject "MasgedSilencer" */ = {
			isa = XCConfigurationList;
			buildConfigurations = (
				6CAD441F2BB278BA00DB57D1 /* Debug */,
				6CAD44202BB278BA00DB57D1 /* Release */,
			);
			defaultConfigurationIsVisible = 0;
			defaultConfigurationName = Release;
		};
		6CAD44212BB278BA00DB57D1 /* Build configuration list for PBXNativeTarget "MasgedSilencer" */ = {
			isa = XCConfigurationList;
			buildConfigurations = (
				6CAD44222BB278BA00DB57D1 /* Debug */,
				6CAD44232BB278BA00DB57D1 /* Release */,
			);
			defaultConfigurationIsVisible = 0;
			defaultConfigurationName = Release;
		};
		6CAD44242BB278BA00DB57D1 /* Build configuration list for PBXNativeTarget "MasgedSilencerTests" */ = {
			isa = XCConfigurationList;
			buildConfigurations = (
				6CAD44252BB278BA00DB57D1 /* Debug */,
				6CAD44262BB278BA00DB57D1 /* Release */,
			);
			defaultConfigurationIsVisible = 0;
			defaultConfigurationName = Release;
		};
		6CAD44272BB278BA00DB57D1 /* Build configuration list for PBXNativeTarget "MasgedSilencerUITests" */ = {
			isa = XCConfigurationList;
			buildConfigurations = (
				6CAD44282BB278BA00DB57D1 /* Debug */,
				6CAD44292BB278BA00DB57D1 /* Release */,
			);
			defaultConfigurationIsVisible = 0;
			defaultConfigurationName = Release;
		};
/* End XCConfigurationList section */
	};
	rootObject = 6CAD43F52BB278B800DB57D1 /* Project object */;
}
